
Microsoft Visual Studio Solution File, Format Version 12.00
# Visual Studio 15
VisualStudioVersion = 15.0.28307.271
MinimumVisualStudioVersion = 10.0.40219.1
Project("{FAE04EC0-301F-11D3-BF4B-00C04F79EFBC}") = "C0888888", "C0888888\C0888888.csproj", "{72DB3A55-2D39-4331-B5AB-B3A75F7B35AE}"
EndProject
Global
	GlobalSection(SolutionConfigurationPlatforms) = preSolution
		Debug|Any CPU = Debug|Any CPU
		Release|Any CPU = Release|Any CPU
	EndGlobalSection
	GlobalSection(ProjectConfigurationPlatforms) = postSolution
		{72DB3A55-2D39-4331-B5AB-B3A75F7B35AE}.Debug|Any CPU.ActiveCfg = Debug|Any CPU
		{72DB3A55-2D39-4331-B5AB-B3A75F7B35AE}.Debug|Any CPU.Build.0 = Debug|Any CPU
		{72DB3A55-2D39-4331-B5AB-B3A75F7B35AE}.Release|Any CPU.ActiveCfg = Release|Any CPU
		{72DB3A55-2D39-4331-B5AB-B3A75F7B35AE}.Release|Any CPU.Build.0 = Release|Any CPU
	EndGlobalSection
	GlobalSection(SolutionProperties) = preSolution
		HideSolutionNode = FALSE
	EndGlobalSection
	GlobalSection(ExtensibilityGlobals) = postSolution
		SolutionGuid = {8538B9D6-6158-4ED3-91E5-BCF7CB09120A}
	EndGlobalSection
EndGlobal
